
Microsoft Visual Studio Solution File, Format Version 12.00
# Visual Studio Version 16
VisualStudioVersion = 16.0.30621.155
MinimumVisualStudioVersion = 10.0.40219.1
Project("{FAE04EC0-301F-11D3-BF4B-00C04F79EFBC}") = "crude.net", "WebApplication1\crude.net.csproj", "{F41D5F5B-4F93-45C5-BA92-3A1F02071E1F}"
EndProject
Global
	GlobalSection(SolutionConfigurationPlatforms) = preSolution
		Debug|Any CPU = Debug|Any CPU
		Release|Any CPU = Release|Any CPU
	EndGlobalSection
	GlobalSection(ProjectConfigurationPlatforms) = postSolution
		{F41D5F5B-4F93-45C5-BA92-3A1F02071E1F}.Debug|Any CPU.ActiveCfg = Debug|Any CPU
		{F41D5F5B-4F93-45C5-BA92-3A1F02071E1F}.Debug|Any CPU.Build.0 = Debug|Any CPU
		{F41D5F5B-4F93-45C5-BA92-3A1F02071E1F}.Release|Any CPU.ActiveCfg = Release|Any CPU
		{F41D5F5B-4F93-45C5-BA92-3A1F02071E1F}.Release|Any CPU.Build.0 = Release|Any CPU
	EndGlobalSection
	GlobalSection(SolutionProperties) = preSolution
		HideSolutionNode = FALSE
	EndGlobalSection
	GlobalSection(ExtensibilityGlobals) = postSolution
		SolutionGuid = {74D08F8B-F985-41EF-BA77-A80023EF5030}
	EndGlobalSection
EndGlobal
